// !$*UTF8*$!
{
	archiveVersion = 1;
	classes = {
	};
	objectVersion = 50;
	objects = {

/* Begin PBXBuildFile section */
		F215B20926830A25005DEE53 /* AppDelegate.swift in Sources */ = {isa = PBXBuildFile; fileRef = F215B20826830A25005DEE53 /* AppDelegate.swift */; };
		F215B20B26830A25005DEE53 /* SceneDelegate.swift in Sources */ = {isa = PBXBuildFile; fileRef = F215B20A26830A25005DEE53 /* SceneDelegate.swift */; };
		F215B20D26830A25005DEE53 /* ViewController.swift in Sources */ = {isa = PBXBuildFile; fileRef = F215B20C26830A25005DEE53 /* ViewController.swift */; };
		F215B21026830A25005DEE53 /* Main.storyboard in Resources */ = {isa = PBXBuildFile; fileRef = F215B20E26830A25005DEE53 /* Main.storyboard */; };
		F215B21326830A25005DEE53 /* ConnectingGit.xcdatamodeld in Sources */ = {isa = PBXBuildFile; fileRef = F215B21126830A25005DEE53 /* ConnectingGit.xcdatamodeld */; };
		F215B21526830A26005DEE53 /* Assets.xcassets in Resources */ = {isa = PBXBuildFile; fileRef = F215B21426830A26005DEE53 /* Assets.xcassets */; };
		F215B21826830A26005DEE53 /* LaunchScreen.storyboard in Resources */ = {isa = PBXBuildFile; fileRef = F215B21626830A26005DEE53 /* LaunchScreen.storyboard */; };
		F215B22326830A27005DEE53 /* ConnectingGitTests.swift in Sources */ = {isa = PBXBuildFile; fileRef = F215B22226830A27005DEE53 /* ConnectingGitTests.swift */; };
		F215B22E26830A27005DEE53 /* ConnectingGitUITests.swift in Sources */ = {isa = PBXBuildFile; fileRef = F215B22D26830A27005DEE53 /* ConnectingGitUITests.swift */; };
/* End PBXBuildFile section */

/* Begin PBXContainerItemProxy section */
		F215B21F26830A27005DEE53 /* PBXContainerItemProxy */ = {
			isa = PBXContainerItemProxy;
			containerPortal = F215B1FD26830A25005DEE53 /* Project object */;
			proxyType = 1;
			remoteGlobalIDString = F215B20426830A25005DEE53;
			remoteInfo = ConnectingGit;
		};
		F215B22A26830A27005DEE53 /* PBXContainerItemProxy */ = {
			isa = PBXContainerItemProxy;
			containerPortal = F215B1FD26830A25005DEE53 /* Project object */;
			proxyType = 1;
			remoteGlobalIDString = F215B20426830A25005DEE53;
			remoteInfo = ConnectingGit;
		};
/* End PBXContainerItemProxy section */

/* Begin PBXFileReference section */
		F215B20526830A25005DEE53 /* ConnectingGit.app */ = {isa = PBXFileReference; explicitFileType = wrapper.application; includeInIndex = 0; path = ConnectingGit.app; sourceTree = BUILT_PRODUCTS_DIR; };
		F215B20826830A25005DEE53 /* AppDelegate.swift */ = {isa = PBXFileReference; lastKnownFileType = sourcecode.swift; path = AppDelegate.swift; sourceTree = "<group>"; };
		F215B20A26830A25005DEE53 /* SceneDelegate.swift */ = {isa = PBXFileReference; lastKnownFileType = sourcecode.swift; path = SceneDelegate.swift; sourceTree = "<group>"; };
		F215B20C26830A25005DEE53 /* ViewController.swift */ = {isa = PBXFileReference; lastKnownFileType = sourcecode.swift; path = ViewController.swift; sourceTree = "<group>"; };
		F215B20F26830A25005DEE53 /* Base */ = {isa = PBXFileReference; lastKnownFileType = file.storyboard; name = Base; path = Base.lproj/Main.storyboard; sourceTree = "<group>"; };
		F215B21226830A25005DEE53 /* ConnectingGit.xcdatamodel */ = {isa = PBXFileReference; lastKnownFileType = wrapper.xcdatamodel; path = ConnectingGit.xcdatamodel; sourceTree = "<group>"; };
		F215B21426830A26005DEE53 /* Assets.xcassets */ = {isa = PBXFileReference; lastKnownFileType = folder.assetcatalog; path = Assets.xcassets; sourceTree = "<group>"; };
		F215B21726830A26005DEE53 /* Base */ = {isa = PBXFileReference; lastKnownFileType = file.storyboard; name = Base; path = Base.lproj/LaunchScreen.storyboard; sourceTree = "<group>"; };
		F215B21926830A26005DEE53 /* Info.plist */ = {isa = PBXFileReference; lastKnownFileType = text.plist.xml; path = Info.plist; sourceTree = "<group>"; };
		F215B21E26830A27005DEE53 /* ConnectingGitTests.xctest */ = {isa = PBXFileReference; explicitFileType = wrapper.cfbundle; includeInIndex = 0; path = ConnectingGitTests.xctest; sourceTree = BUILT_PRODUCTS_DIR; };
		F215B22226830A27005DEE53 /* ConnectingGitTests.swift */ = {isa = PBXFileReference; lastKnownFileType = sourcecode.swift; path = ConnectingGitTests.swift; sourceTree = "<group>"; };
		F215B22426830A27005DEE53 /* Info.plist */ = {isa = PBXFileReference; lastKnownFileType = text.plist.xml; path = Info.plist; sourceTree = "<group>"; };
		F215B22926830A27005DEE53 /* ConnectingGitUITests.xctest */ = {isa = PBXFileReference; explicitFileType = wrapper.cfbundle; includeInIndex = 0; path = ConnectingGitUITests.xctest; sourceTree = BUILT_PRODUCTS_DIR; };
		F215B22D26830A27005DEE53 /* ConnectingGitUITests.swift */ = {isa = PBXFileReference; lastKnownFileType = sourcecode.swift; path = ConnectingGitUITests.swift; sourceTree = "<group>"; };
		F215B22F26830A27005DEE53 /* Info.plist */ = {isa = PBXFileReference; lastKnownFileType = text.plist.xml; path = Info.plist; sourceTree = "<group>"; };
/* End PBXFileReference section */

/* Begin PBXFrameworksBuildPhase section */
		F215B20226830A25005DEE53 /* Frameworks */ = {
			isa = PBXFrameworksBuildPhase;
			buildActionMask = 2147483647;
			files = (
			);
			runOnlyForDeploymentPostprocessing = 0;
		};
		F215B21B26830A27005DEE53 /* Frameworks */ = {
			isa = PBXFrameworksBuildPhase;
			buildActionMask = 2147483647;
			files = (
			);
			runOnlyForDeploymentPostprocessing = 0;
		};
		F215B22626830A27005DEE53 /* Frameworks */ = {
			isa = PBXFrameworksBuildPhase;
			buildActionMask = 2147483647;
			files = (
			);
			runOnlyForDeploymentPostprocessing = 0;
		};
/* End PBXFrameworksBuildPhase section */

/* Begin PBXGroup section */
		F215B1FC26830A25005DEE53 = {
			isa = PBXGroup;
			children = (
				F215B20726830A25005DEE53 /* ConnectingGit */,
				F215B22126830A27005DEE53 /* ConnectingGitTests */,
				F215B22C26830A27005DEE53 /* ConnectingGitUITests */,
				F215B20626830A25005DEE53 /* Products */,
			);
			sourceTree = "<group>";
		};
		F215B20626830A25005DEE53 /* Products */ = {
			isa = PBXGroup;
			children = (
				F215B20526830A25005DEE53 /* ConnectingGit.app */,
				F215B21E26830A27005DEE53 /* ConnectingGitTests.xctest */,
				F215B22926830A27005DEE53 /* ConnectingGitUITests.xctest */,
			);
			name = Products;
			sourceTree = "<group>";
		};
		F215B20726830A25005DEE53 /* ConnectingGit */ = {
			isa = PBXGroup;
			children = (
				F215B20826830A25005DEE53 /* AppDelegate.swift */,
				F215B20A26830A25005DEE53 /* SceneDelegate.swift */,
				F215B20C26830A25005DEE53 /* ViewController.swift */,
				F215B20E26830A25005DEE53 /* Main.storyboard */,
				F215B21426830A26005DEE53 /* Assets.xcassets */,
				F215B21626830A26005DEE53 /* LaunchScreen.storyboard */,
				F215B21926830A26005DEE53 /* Info.plist */,
				F215B21126830A25005DEE53 /* ConnectingGit.xcdatamodeld */,
			);
			path = ConnectingGit;
			sourceTree = "<group>";
		};
		F215B22126830A27005DEE53 /* ConnectingGitTests */ = {
			isa = PBXGroup;
			children = (
				F215B22226830A27005DEE53 /* ConnectingGitTests.swift */,
				F215B22426830A27005DEE53 /* Info.plist */,
			);
			path = ConnectingGitTests;
			sourceTree = "<group>";
		};
		F215B22C26830A27005DEE53 /* ConnectingGitUITests */ = {
			isa = PBXGroup;
			children = (
				F215B22D26830A27005DEE53 /* ConnectingGitUITests.swift */,
				F215B22F26830A27005DEE53 /* Info.plist */,
			);
			path = ConnectingGitUITests;
			sourceTree = "<group>";
		};
/* End PBXGroup section */

/* Begin PBXNativeTarget section */
		F215B20426830A25005DEE53 /* ConnectingGit */ = {
			isa = PBXNativeTarget;
			buildConfigurationList = F215B23226830A27005DEE53 /* Build configuration list for PBXNativeTarget "ConnectingGit" */;
			buildPhases = (
				F215B20126830A25005DEE53 /* Sources */,
				F215B20226830A25005DEE53 /* Frameworks */,
				F215B20326830A25005DEE53 /* Resources */,
			);
			buildRules = (
			);
			dependencies = (
			);
			name = ConnectingGit;
			productName = ConnectingGit;
			productReference = F215B20526830A25005DEE53 /* ConnectingGit.app */;
			productType = "com.apple.product-type.application";
		};
		F215B21D26830A27005DEE53 /* ConnectingGitTests */ = {
			isa = PBXNativeTarget;
			buildConfigurationList = F215B23526830A27005DEE53 /* Build configuration list for PBXNativeTarget "ConnectingGitTests" */;
			buildPhases = (
				F215B21A26830A27005DEE53 /* Sources */,
				F215B21B26830A27005DEE53 /* Frameworks */,
				F215B21C26830A27005DEE53 /* Resources */,
			);
			buildRules = (
			);
			dependencies = (
				F215B22026830A27005DEE53 /* PBXTargetDependency */,
			);
			name = ConnectingGitTests;
			productName = ConnectingGitTests;
			productReference = F215B21E26830A27005DEE53 /* ConnectingGitTests.xctest */;
			productType = "com.apple.product-type.bundle.unit-test";
		};
		F215B22826830A27005DEE53 /* ConnectingGitUITests */ = {
			isa = PBXNativeTarget;
			buildConfigurationList = F215B23826830A27005DEE53 /* Build configuration list for PBXNativeTarget "ConnectingGitUITests" */;
			buildPhases = (
				F215B22526830A27005DEE53 /* Sources */,
				F215B22626830A27005DEE53 /* Frameworks */,
				F215B22726830A27005DEE53 /* Resources */,
			);
			buildRules = (
			);
			dependencies = (
				F215B22B26830A27005DEE53 /* PBXTargetDependency */,
			);
			name = ConnectingGitUITests;
			productName = ConnectingGitUITests;
			productReference = F215B22926830A27005DEE53 /* ConnectingGitUITests.xctest */;
			productType = "com.apple.product-type.bundle.ui-testing";
		};
/* End PBXNativeTarget section */

/* Begin PBXProject section */
		F215B1FD26830A25005DEE53 /* Project object */ = {
			isa = PBXProject;
			attributes = {
				LastSwiftUpdateCheck = 1250;
				LastUpgradeCheck = 1250;
				TargetAttributes = {
					F215B20426830A25005DEE53 = {
						CreatedOnToolsVersion = 12.5.1;
					};
					F215B21D26830A27005DEE53 = {
						CreatedOnToolsVersion = 12.5.1;
						TestTargetID = F215B20426830A25005DEE53;
					};
					F215B22826830A27005DEE53 = {
						CreatedOnToolsVersion = 12.5.1;
						TestTargetID = F215B20426830A25005DEE53;
					};
				};
			};
			buildConfigurationList = F215B20026830A25005DEE53 /* Build configuration list for PBXProject "ConnectingGit" */;
			compatibilityVersion = "Xcode 9.3";
			developmentRegion = en;
			hasScannedForEncodings = 0;
			knownRegions = (
				en,
				Base,
			);
			mainGroup = F215B1FC26830A25005DEE53;
			productRefGroup = F215B20626830A25005DEE53 /* Products */;
			projectDirPath = "";
			projectRoot = "";
			targets = (
				F215B20426830A25005DEE53 /* ConnectingGit */,
				F215B21D26830A27005DEE53 /* ConnectingGitTests */,
				F215B22826830A27005DEE53 /* ConnectingGitUITests */,
			);
		};
/* End PBXProject section */

/* Begin PBXResourcesBuildPhase section */
		F215B20326830A25005DEE53 /* Resources */ = {
			isa = PBXResourcesBuildPhase;
			buildActionMask = 2147483647;
			files = (
				F215B21826830A26005DEE53 /* LaunchScreen.storyboard in Resources */,
				F215B21526830A26005DEE53 /* Assets.xcassets in Resources */,
				F215B21026830A25005DEE53 /* Main.storyboard in Resources */,
			);
			runOnlyForDeploymentPostprocessing = 0;
		};
		F215B21C26830A27005DEE53 /* Resources */ = {
			isa = PBXResourcesBuildPhase;
			buildActionMask = 2147483647;
			files = (
			);
			runOnlyForDeploymentPostprocessing = 0;
		};
		F215B22726830A27005DEE53 /* Resources */ = {
			isa = PBXResourcesBuildPhase;
			buildActionMask = 2147483647;
			files = (
			);
			runOnlyForDeploymentPostprocessing = 0;
		};
/* End PBXResourcesBuildPhase section */

/* Begin PBXSourcesBuildPhase section */
		F215B20126830A25005DEE53 /* Sources */ = {
			isa = PBXSourcesBuildPhase;
			buildActionMask = 2147483647;
			files = (
				F215B20D26830A25005DEE53 /* ViewController.swift in Sources */,
				F215B20926830A25005DEE53 /* AppDelegate.swift in Sources */,
				F215B21326830A25005DEE53 /* ConnectingGit.xcdatamodeld in Sources */,
				F215B20B26830A25005DEE53 /* SceneDelegate.swift in Sources */,
			);
			runOnlyForDeploymentPostprocessing = 0;
		};
		F215B21A26830A27005DEE53 /* Sources */ = {
			isa = PBXSourcesBuildPhase;
			buildActionMask = 2147483647;
			files = (
				F215B22326830A27005DEE53 /* ConnectingGitTests.swift in Sources */,
			);
			runOnlyForDeploymentPostprocessing = 0;
		};
		F215B22526830A27005DEE53 /* Sources */ = {
			isa = PBXSourcesBuildPhase;
			buildActionMask = 2147483647;
			files = (
				F215B22E26830A27005DEE53 /* ConnectingGitUITests.swift in Sources */,
			);
			runOnlyForDeploymentPostprocessing = 0;
		};
/* End PBXSourcesBuildPhase section */

/* Begin PBXTargetDependency section */
		F215B22026830A27005DEE53 /* PBXTargetDependency */ = {
			isa = PBXTargetDependency;
			target = F215B20426830A25005DEE53 /* ConnectingGit */;
			targetProxy = F215B21F26830A27005DEE53 /* PBXContainerItemProxy */;
		};
		F215B22B26830A27005DEE53 /* PBXTargetDependency */ = {
			isa = PBXTargetDependency;
			target = F215B20426830A25005DEE53 /* ConnectingGit */;
			targetProxy = F215B22A26830A27005DEE53 /* PBXContainerItemProxy */;
		};
/* End PBXTargetDependency section */

/* Begin PBXVariantGroup section */
		F215B20E26830A25005DEE53 /* Main.storyboard */ = {
			isa = PBXVariantGroup;
			children = (
				F215B20F26830A25005DEE53 /* Base */,
			);
			name = Main.storyboard;
			sourceTree = "<group>";
		};
		F215B21626830A26005DEE53 /* LaunchScreen.storyboard */ = {
			isa = PBXVariantGroup;
			children = (
				F215B21726830A26005DEE53 /* Base */,
			);
			name = LaunchScreen.storyboard;
			sourceTree = "<group>";
		};
/* End PBXVariantGroup section */

/* Begin XCBuildConfiguration section */
		F215B23026830A27005DEE53 /* Debug */ = {
			isa = XCBuildConfiguration;
			buildSettings = {
				ALWAYS_SEARCH_USER_PATHS = NO;
				CLANG_ANALYZER_NONNULL = YES;
				CLANG_ANALYZER_NUMBER_OBJECT_CONVERSION = YES_AGGRESSIVE;
				CLANG_CXX_LANGUAGE_STANDARD = "gnu++14";
				CLANG_CXX_LIBRARY = "libc++";
				CLANG_ENABLE_MODULES = YES;
				CLANG_ENABLE_OBJC_ARC = YES;
				CLANG_ENABLE_OBJC_WEAK = YES;
				CLANG_WARN_BLOCK_CAPTURE_AUTORELEASING = YES;
				CLANG_WARN_BOOL_CONVERSION = YES;
				CLANG_WARN_COMMA = YES;
				CLANG_WARN_CONSTANT_CONVERSION = YES;
				CLANG_WARN_DEPRECATED_OBJC_IMPLEMENTATIONS = YES;
				CLANG_WARN_DIRECT_OBJC_ISA_USAGE = YES_ERROR;
				CLANG_WARN_DOCUMENTATION_COMMENTS = YES;
				CLANG_WARN_EMPTY_BODY = YES;
				CLANG_WARN_ENUM_CONVERSION = YES;
				CLANG_WARN_INFINITE_RECURSION = YES;
				CLANG_WARN_INT_CONVERSION = YES;
				CLANG_WARN_NON_LITERAL_NULL_CONVERSION = YES;
				CLANG_WARN_OBJC_IMPLICIT_RETAIN_SELF = YES;
				CLANG_WARN_OBJC_LITERAL_CONVERSION = YES;
				CLANG_WARN_OBJC_ROOT_CLASS = YES_ERROR;
				CLANG_WARN_QUOTED_INCLUDE_IN_FRAMEWORK_HEADER = YES;
				CLANG_WARN_RANGE_LOOP_ANALYSIS = YES;
				CLANG_WARN_STRICT_PROTOTYPES = YES;
				CLANG_WARN_SUSPICIOUS_MOVE = YES;
				CLANG_WARN_UNGUARDED_AVAILABILITY = YES_AGGRESSIVE;
				CLANG_WARN_UNREACHABLE_CODE = YES;
				CLANG_WARN__DUPLICATE_METHOD_MATCH = YES;
				COPY_PHASE_STRIP = NO;
				DEBUG_INFORMATION_FORMAT = dwarf;
				ENABLE_STRICT_OBJC_MSGSEND = YES;
				ENABLE_TESTABILITY = YES;
				GCC_C_LANGUAGE_STANDARD = gnu11;
				GCC_DYNAMIC_NO_PIC = NO;
				GCC_NO_COMMON_BLOCKS = YES;
				GCC_OPTIMIZATION_LEVEL = 0;
				GCC_PREPROCESSOR_DEFINITIONS = (
					"DEBUG=1",
					"$(inherited)",
				);
				GCC_WARN_64_TO_32_BIT_CONVERSION = YES;
				GCC_WARN_ABOUT_RETURN_TYPE = YES_ERROR;
				GCC_WARN_UNDECLARED_SELECTOR = YES;
				GCC_WARN_UNINITIALIZED_AUTOS = YES_AGGRESSIVE;
				GCC_WARN_UNUSED_FUNCTION = YES;
				GCC_WARN_UNUSED_VARIABLE = YES;
				IPHONEOS_DEPLOYMENT_TARGET = 14.5;
				MTL_ENABLE_DEBUG_INFO = INCLUDE_SOURCE;
				MTL_FAST_MATH = YES;
				ONLY_ACTIVE_ARCH = YES;
				SDKROOT = iphoneos;
				SWIFT_ACTIVE_COMPILATION_CONDITIONS = DEBUG;
				SWIFT_OPTIMIZATION_LEVEL = "-Onone";
			};
			name = Debug;
		};
		F215B23126830A27005DEE53 /* Release */ = {
			isa = XCBuildConfiguration;
			buildSettings = {
				ALWAYS_SEARCH_USER_PATHS = NO;
				CLANG_ANALYZER_NONNULL = YES;
				CLANG_ANALYZER_NUMBER_OBJECT_CONVERSION = YES_AGGRESSIVE;
				CLANG_CXX_LANGUAGE_STANDARD = "gnu++14";
				CLANG_CXX_LIBRARY = "libc++";
				CLANG_ENABLE_MODULES = YES;
				CLANG_ENABLE_OBJC_ARC = YES;
				CLANG_ENABLE_OBJC_WEAK = YES;
				CLANG_WARN_BLOCK_CAPTURE_AUTORELEASING = YES;
				CLANG_WARN_BOOL_CONVERSION = YES;
				CLANG_WARN_COMMA = YES;
				CLANG_WARN_CONSTANT_CONVERSION = YES;
				CLANG_WARN_DEPRECATED_OBJC_IMPLEMENTATIONS = YES;
				CLANG_WARN_DIRECT_OBJC_ISA_USAGE = YES_ERROR;
				CLANG_WARN_DOCUMENTATION_COMMENTS = YES;
				CLANG_WARN_EMPTY_BODY = YES;
				CLANG_WARN_ENUM_CONVERSION = YES;
				CLANG_WARN_INFINITE_RECURSION = YES;
				CLANG_WARN_INT_CONVERSION = YES;
				CLANG_WARN_NON_LITERAL_NULL_CONVERSION = YES;
				CLANG_WARN_OBJC_IMPLICIT_RETAIN_SELF = YES;
				CLANG_WARN_OBJC_LITERAL_CONVERSION = YES;
				CLANG_WARN_OBJC_ROOT_CLASS = YES_ERROR;
				CLANG_WARN_QUOTED_INCLUDE_IN_FRAMEWORK_HEADER = YES;
				CLANG_WARN_RANGE_LOOP_ANALYSIS = YES;
				CLANG_WARN_STRICT_PROTOTYPES = YES;
				CLANG_WARN_SUSPICIOUS_MOVE = YES;
				CLANG_WARN_UNGUARDED_AVAILABILITY = YES_AGGRESSIVE;
				CLANG_WARN_UNREACHABLE_CODE = YES;
				CLANG_WARN__DUPLICATE_METHOD_MATCH = YES;
				COPY_PHASE_STRIP = NO;
				DEBUG_INFORMATION_FORMAT = "dwarf-with-dsym";
				ENABLE_NS_ASSERTIONS = NO;
				ENABLE_STRICT_OBJC_MSGSEND = YES;
				GCC_C_LANGUAGE_STANDARD = gnu11;
				GCC_NO_COMMON_BLOCKS = YES;
				GCC_WARN_64_TO_32_BIT_CONVERSION = YES;
				GCC_WARN_ABOUT_RETURN_TYPE = YES_ERROR;
				GCC_WARN_UNDECLARED_SELECTOR = YES;
				GCC_WARN_UNINITIALIZED_AUTOS = YES_AGGRESSIVE;
				GCC_WARN_UNUSED_FUNCTION = YES;
				GCC_WARN_UNUSED_VARIABLE = YES;
				IPHONEOS_DEPLOYMENT_TARGET = 14.5;
				MTL_ENABLE_DEBUG_INFO = NO;
				MTL_FAST_MATH = YES;
				SDKROOT = iphoneos;
				SWIFT_COMPILATION_MODE = wholemodule;
				SWIFT_OPTIMIZATION_LEVEL = "-O";
				VALIDATE_PRODUCT = YES;
			};
			name = Release;
		};
		F215B23326830A27005DEE53 /* Debug */ = {
			isa = XCBuildConfiguration;
			buildSettings = {
				ASSETCATALOG_COMPILER_APPICON_NAME = AppIcon;
				ASSETCATALOG_COMPILER_GLOBAL_ACCENT_COLOR_NAME = AccentColor;
				CODE_SIGN_STYLE = Automatic;
				INFOPLIST_FILE = ConnectingGit/Info.plist;
				LD_RUNPATH_SEARCH_PATHS = (
					"$(inherited)",
					"@executable_path/Frameworks",
				);
				PRODUCT_BUNDLE_IDENTIFIER = com.jan.ConnectingGit;
				PRODUCT_NAME = "$(TARGET_NAME)";
				SWIFT_VERSION = 5.0;
				TARGETED_DEVICE_FAMILY = "1,2";
			};
			name = Debug;
		};
		F215B23426830A27005DEE53 /* Release */ = {
			isa = XCBuildConfiguration;
			buildSettings = {
				ASSETCATALOG_COMPILER_APPICON_NAME = AppIcon;
				ASSETCATALOG_COMPILER_GLOBAL_ACCENT_COLOR_NAME = AccentColor;
				CODE_SIGN_STYLE = Automatic;
				INFOPLIST_FILE = ConnectingGit/Info.plist;
				LD_RUNPATH_SEARCH_PATHS = (
					"$(inherited)",
					"@executable_path/Frameworks",
				);
				PRODUCT_BUNDLE_IDENTIFIER = com.jan.ConnectingGit;
				PRODUCT_NAME = "$(TARGET_NAME)";
				SWIFT_VERSION = 5.0;
				TARGETED_DEVICE_FAMILY = "1,2";
			};
			name = Release;
		};
		F215B23626830A27005DEE53 /* Debug */ = {
			isa = XCBuildConfiguration;
			buildSettings = {
				ALWAYS_EMBED_SWIFT_STANDARD_LIBRARIES = YES;
				BUNDLE_LOADER = "$(TEST_HOST)";
				CODE_SIGN_STYLE = Automatic;
				INFOPLIST_FILE = ConnectingGitTests/Info.plist;
				IPHONEOS_DEPLOYMENT_TARGET = 14.5;
				LD_RUNPATH_SEARCH_PATHS = (
					"$(inherited)",
					"@executable_path/Frameworks",
					"@loader_path/Frameworks",
				);
				PRODUCT_BUNDLE_IDENTIFIER = com.jan.ConnectingGitTests;
				PRODUCT_NAME = "$(TARGET_NAME)";
				SWIFT_VERSION = 5.0;
				TARGETED_DEVICE_FAMILY = "1,2";
				TEST_HOST = "$(BUILT_PRODUCTS_DIR)/ConnectingGit.app/ConnectingGit";
			};
			name = Debug;
		};
		F215B23726830A27005DEE53 /* Release */ = {
			isa = XCBuildConfiguration;
			buildSettings = {
				ALWAYS_EMBED_SWIFT_STANDARD_LIBRARIES = YES;
				BUNDLE_LOADER = "$(TEST_HOST)";
				CODE_SIGN_STYLE = Automatic;
				INFOPLIST_FILE = ConnectingGitTests/Info.plist;
				IPHONEOS_DEPLOYMENT_TARGET = 14.5;
				LD_RUNPATH_SEARCH_PATHS = (
					"$(inherited)",
					"@executable_path/Frameworks",
					"@loader_path/Frameworks",
				);
				PRODUCT_BUNDLE_IDENTIFIER = com.jan.ConnectingGitTests;
				PRODUCT_NAME = "$(TARGET_NAME)";
				SWIFT_VERSION = 5.0;
				TARGETED_DEVICE_FAMILY = "1,2";
				TEST_HOST = "$(BUILT_PRODUCTS_DIR)/ConnectingGit.app/ConnectingGit";
			};
			name = Release;
		};
		F215B23926830A27005DEE53 /* Debug */ = {
			isa = XCBuildConfiguration;
			buildSettings = {
				ALWAYS_EMBED_SWIFT_STANDARD_LIBRARIES = YES;
				CODE_SIGN_STYLE = Automatic;
				INFOPLIST_FILE = ConnectingGitUITests/Info.plist;
				LD_RUNPATH_SEARCH_PATHS = (
					"$(inherited)",
					"@executable_path/Frameworks",
					"@loader_path/Frameworks",
				);
				PRODUCT_BUNDLE_IDENTIFIER = com.jan.ConnectingGitUITests;
				PRODUCT_NAME = "$(TARGET_NAME)";
				SWIFT_VERSION = 5.0;
				TARGETED_DEVICE_FAMILY = "1,2";
				TEST_TARGET_NAME = ConnectingGit;
			};
			name = Debug;
		};
		F215B23A26830A27005DEE53 /* Release */ = {
			isa = XCBuildConfiguration;
			buildSettings = {
				ALWAYS_EMBED_SWIFT_STANDARD_LIBRARIES = YES;
				CODE_SIGN_STYLE = Automatic;
				INFOPLIST_FILE = ConnectingGitUITests/Info.plist;
				LD_RUNPATH_SEARCH_PATHS = (
					"$(inherited)",
					"@executable_path/Frameworks",
					"@loader_path/Frameworks",
				);
				PRODUCT_BUNDLE_IDENTIFIER = com.jan.ConnectingGitUITests;
				PRODUCT_NAME = "$(TARGET_NAME)";
				SWIFT_VERSION = 5.0;
				TARGETED_DEVICE_FAMILY = "1,2";
				TEST_TARGET_NAME = ConnectingGit;
			};
			name = Release;
		};
/* End XCBuildConfiguration section */

/* Begin XCConfigurationList section */
		F215B20026830A25005DEE53 /* Build configuration list for PBXProject "ConnectingGit" */ = {
			isa = XCConfigurationList;
			buildConfigurations = (
				F215B23026830A27005DEE53 /* Debug */,
				F215B23126830A27005DEE53 /* Release */,
			);
			defaultConfigurationIsVisible = 0;
			defaultConfigurationName = Release;
		};
		F215B23226830A27005DEE53 /* Build configuration list for PBXNativeTarget "ConnectingGit" */ = {
			isa = XCConfigurationList;
			buildConfigurations = (
				F215B23326830A27005DEE53 /* Debug */,
				F215B23426830A27005DEE53 /* Release */,
			);
			defaultConfigurationIsVisible = 0;
			defaultConfigurationName = Release;
		};
		F215B23526830A27005DEE53 /* Build configuration list for PBXNativeTarget "ConnectingGitTests" */ = {
			isa = XCConfigurationList;
			buildConfigurations = (
				F215B23626830A27005DEE53 /* Debug */,
				F215B23726830A27005DEE53 /* Release */,
			);
			defaultConfigurationIsVisible = 0;
			defaultConfigurationName = Release;
		};
		F215B23826830A27005DEE53 /* Build configuration list for PBXNativeTarget "ConnectingGitUITests" */ = {
			isa = XCConfigurationList;
			buildConfigurations = (
				F215B23926830A27005DEE53 /* Debug */,
				F215B23A26830A27005DEE53 /* Release */,
			);
			defaultConfigurationIsVisible = 0;
			defaultConfigurationName = Release;
		};
/* End XCConfigurationList section */

/* Begin XCVersionGroup section */
		F215B21126830A25005DEE53 /* ConnectingGit.xcdatamodeld */ = {
			isa = XCVersionGroup;
			children = (
				F215B21226830A25005DEE53 /* ConnectingGit.xcdatamodel */,
			);
			currentVersion = F215B21226830A25005DEE53 /* ConnectingGit.xcdatamodel */;
			path = ConnectingGit.xcdatamodeld;
			sourceTree = "<group>";
			versionGroupType = wrapper.xcdatamodel;
		};
/* End XCVersionGroup section */
	};
	rootObject = F215B1FD26830A25005DEE53 /* Project object */;
}
